
Microsoft Visual Studio Solution File, Format Version 12.00
# Visual Studio Version 17
VisualStudioVersion = 17.10.35013.160
MinimumVisualStudioVersion = 10.0.40219.1
Project("{FAE04EC0-301F-11D3-BF4B-00C04F79EFBC}") = "Employee02", "Employee02\Employee02.csproj", "{96FC490F-C8E0-4A0F-941A-4671344D4A73}"
EndProject
Project("{FAE04EC0-301F-11D3-BF4B-00C04F79EFBC}") = "Asignment03", "..\Assignment03\Asignment03\Asignment03.csproj", "{B606DD43-E389-4B85-97C7-F8FB04E0A8EF}"
EndProject
Global
	GlobalSection(SolutionConfigurationPlatforms) = preSolution
		Debug|Any CPU = Debug|Any CPU
		Release|Any CPU = Release|Any CPU
	EndGlobalSection
	GlobalSection(ProjectConfigurationPlatforms) = postSolution
		{96FC490F-C8E0-4A0F-941A-4671344D4A73}.Debug|Any CPU.ActiveCfg = Debug|Any CPU
		{96FC490F-C8E0-4A0F-941A-4671344D4A73}.Debug|Any CPU.Build.0 = Debug|Any CPU
		{96FC490F-C8E0-4A0F-941A-4671344D4A73}.Release|Any CPU.ActiveCfg = Release|Any CPU
		{96FC490F-C8E0-4A0F-941A-4671344D4A73}.Release|Any CPU.Build.0 = Release|Any CPU
		{B606DD43-E389-4B85-97C7-F8FB04E0A8EF}.Debug|Any CPU.ActiveCfg = Debug|Any CPU
		{B606DD43-E389-4B85-97C7-F8FB04E0A8EF}.Debug|Any CPU.Build.0 = Debug|Any CPU
		{B606DD43-E389-4B85-97C7-F8FB04E0A8EF}.Release|Any CPU.ActiveCfg = Release|Any CPU
		{B606DD43-E389-4B85-97C7-F8FB04E0A8EF}.Release|Any CPU.Build.0 = Release|Any CPU
	EndGlobalSection
	GlobalSection(SolutionProperties) = preSolution
		HideSolutionNode = FALSE
	EndGlobalSection
	GlobalSection(ExtensibilityGlobals) = postSolution
		SolutionGuid = {B1A1AAEA-88AF-4380-9ABC-D012559DCA8D}
	EndGlobalSection
EndGlobal
