
Microsoft Visual Studio Solution File, Format Version 12.00
# Visual Studio Version 17
VisualStudioVersion = 17.10.35013.160
MinimumVisualStudioVersion = 10.0.40219.1
Project("{FAE04EC0-301F-11D3-BF4B-00C04F79EFBC}") = "Employee", "Employee\Employee.csproj", "{6C0CC56C-E7B5-47A0-975B-6C5953D72B01}"
EndProject
Global
	GlobalSection(SolutionConfigurationPlatforms) = preSolution
		Debug|Any CPU = Debug|Any CPU
		Release|Any CPU = Release|Any CPU
	EndGlobalSection
	GlobalSection(ProjectConfigurationPlatforms) = postSolution
		{6C0CC56C-E7B5-47A0-975B-6C5953D72B01}.Debug|Any CPU.ActiveCfg = Debug|Any CPU
		{6C0CC56C-E7B5-47A0-975B-6C5953D72B01}.Debug|Any CPU.Build.0 = Debug|Any CPU
		{6C0CC56C-E7B5-47A0-975B-6C5953D72B01}.Release|Any CPU.ActiveCfg = Release|Any CPU
		{6C0CC56C-E7B5-47A0-975B-6C5953D72B01}.Release|Any CPU.Build.0 = Release|Any CPU
	EndGlobalSection
	GlobalSection(SolutionProperties) = preSolution
		HideSolutionNode = FALSE
	EndGlobalSection
	GlobalSection(ExtensibilityGlobals) = postSolution
		SolutionGuid = {374AD489-4880-4380-B228-BB1387AED3A1}
	EndGlobalSection
EndGlobal
